
Microsoft Visual Studio Solution File, Format Version 12.00
# Visual Studio 15
VisualStudioVersion = 15.0.26124.0
MinimumVisualStudioVersion = 15.0.26124.0
Project("{FAE04EC0-301F-11D3-BF4B-00C04F79EFBC}") = "GameTOP", "GameTOP\GameTOP.csproj", "{67549F8D-A952-40D2-9E5F-CA1B0ED38C67}"
EndProject
Project("{FAE04EC0-301F-11D3-BF4B-00C04F79EFBC}") = "GameTOP.Lib", "GameTOP.Lib\GameTOP.Lib.csproj", "{EB6228D6-4A53-4527-89FA-622DC665DC93}"
EndProject
Project("{FAE04EC0-301F-11D3-BF4B-00C04F79EFBC}") = "GameTOP.Interface", "GameTOP.Interface\GameTOP.Interface.csproj", "{1443B8B3-CA86-40E1-83E3-0A5250FA7352}"
EndProject
Global
	GlobalSection(SolutionConfigurationPlatforms) = preSolution
		Debug|Any CPU = Debug|Any CPU
		Debug|x64 = Debug|x64
		Debug|x86 = Debug|x86
		Release|Any CPU = Release|Any CPU
		Release|x64 = Release|x64
		Release|x86 = Release|x86
	EndGlobalSection
	GlobalSection(SolutionProperties) = preSolution
		HideSolutionNode = FALSE
	EndGlobalSection
	GlobalSection(ProjectConfigurationPlatforms) = postSolution
		{67549F8D-A952-40D2-9E5F-CA1B0ED38C67}.Debug|Any CPU.ActiveCfg = Debug|Any CPU
		{67549F8D-A952-40D2-9E5F-CA1B0ED38C67}.Debug|Any CPU.Build.0 = Debug|Any CPU
		{67549F8D-A952-40D2-9E5F-CA1B0ED38C67}.Debug|x64.ActiveCfg = Debug|Any CPU
		{67549F8D-A952-40D2-9E5F-CA1B0ED38C67}.Debug|x64.Build.0 = Debug|Any CPU
		{67549F8D-A952-40D2-9E5F-CA1B0ED38C67}.Debug|x86.ActiveCfg = Debug|Any CPU
		{67549F8D-A952-40D2-9E5F-CA1B0ED38C67}.Debug|x86.Build.0 = Debug|Any CPU
		{67549F8D-A952-40D2-9E5F-CA1B0ED38C67}.Release|Any CPU.ActiveCfg = Release|Any CPU
		{67549F8D-A952-40D2-9E5F-CA1B0ED38C67}.Release|Any CPU.Build.0 = Release|Any CPU
		{67549F8D-A952-40D2-9E5F-CA1B0ED38C67}.Release|x64.ActiveCfg = Release|Any CPU
		{67549F8D-A952-40D2-9E5F-CA1B0ED38C67}.Release|x64.Build.0 = Release|Any CPU
		{67549F8D-A952-40D2-9E5F-CA1B0ED38C67}.Release|x86.ActiveCfg = Release|Any CPU
		{67549F8D-A952-40D2-9E5F-CA1B0ED38C67}.Release|x86.Build.0 = Release|Any CPU
		{EB6228D6-4A53-4527-89FA-622DC665DC93}.Debug|Any CPU.ActiveCfg = Debug|Any CPU
		{EB6228D6-4A53-4527-89FA-622DC665DC93}.Debug|Any CPU.Build.0 = Debug|Any CPU
		{EB6228D6-4A53-4527-89FA-622DC665DC93}.Debug|x64.ActiveCfg = Debug|Any CPU
		{EB6228D6-4A53-4527-89FA-622DC665DC93}.Debug|x64.Build.0 = Debug|Any CPU
		{EB6228D6-4A53-4527-89FA-622DC665DC93}.Debug|x86.ActiveCfg = Debug|Any CPU
		{EB6228D6-4A53-4527-89FA-622DC665DC93}.Debug|x86.Build.0 = Debug|Any CPU
		{EB6228D6-4A53-4527-89FA-622DC665DC93}.Release|Any CPU.ActiveCfg = Release|Any CPU
		{EB6228D6-4A53-4527-89FA-622DC665DC93}.Release|Any CPU.Build.0 = Release|Any CPU
		{EB6228D6-4A53-4527-89FA-622DC665DC93}.Release|x64.ActiveCfg = Release|Any CPU
		{EB6228D6-4A53-4527-89FA-622DC665DC93}.Release|x64.Build.0 = Release|Any CPU
		{EB6228D6-4A53-4527-89FA-622DC665DC93}.Release|x86.ActiveCfg = Release|Any CPU
		{EB6228D6-4A53-4527-89FA-622DC665DC93}.Release|x86.Build.0 = Release|Any CPU
		{1443B8B3-CA86-40E1-83E3-0A5250FA7352}.Debug|Any CPU.ActiveCfg = Debug|Any CPU
		{1443B8B3-CA86-40E1-83E3-0A5250FA7352}.Debug|Any CPU.Build.0 = Debug|Any CPU
		{1443B8B3-CA86-40E1-83E3-0A5250FA7352}.Debug|x64.ActiveCfg = Debug|Any CPU
		{1443B8B3-CA86-40E1-83E3-0A5250FA7352}.Debug|x64.Build.0 = Debug|Any CPU
		{1443B8B3-CA86-40E1-83E3-0A5250FA7352}.Debug|x86.ActiveCfg = Debug|Any CPU
		{1443B8B3-CA86-40E1-83E3-0A5250FA7352}.Debug|x86.Build.0 = Debug|Any CPU
		{1443B8B3-CA86-40E1-83E3-0A5250FA7352}.Release|Any CPU.ActiveCfg = Release|Any CPU
		{1443B8B3-CA86-40E1-83E3-0A5250FA7352}.Release|Any CPU.Build.0 = Release|Any CPU
		{1443B8B3-CA86-40E1-83E3-0A5250FA7352}.Release|x64.ActiveCfg = Release|Any CPU
		{1443B8B3-CA86-40E1-83E3-0A5250FA7352}.Release|x64.Build.0 = Release|Any CPU
		{1443B8B3-CA86-40E1-83E3-0A5250FA7352}.Release|x86.ActiveCfg = Release|Any CPU
		{1443B8B3-CA86-40E1-83E3-0A5250FA7352}.Release|x86.Build.0 = Release|Any CPU
	EndGlobalSection
EndGlobal
